
Microsoft Visual Studio Solution File, Format Version 12.00
# Visual Studio Version 17
VisualStudioVersion = 17.6.33829.357
MinimumVisualStudioVersion = 10.0.40219.1
Project("{FAE04EC0-301F-11D3-BF4B-00C04F79EFBC}") = "prjBasicLinkedList", "prjBasicLinkedList\prjBasicLinkedList.csproj", "{2DACD35D-ED81-4FC6-8546-BB2AA8FA8E24}"
EndProject
Global
	GlobalSection(SolutionConfigurationPlatforms) = preSolution
		Debug|Any CPU = Debug|Any CPU
		Release|Any CPU = Release|Any CPU
	EndGlobalSection
	GlobalSection(ProjectConfigurationPlatforms) = postSolution
		{2DACD35D-ED81-4FC6-8546-BB2AA8FA8E24}.Debug|Any CPU.ActiveCfg = Debug|Any CPU
		{2DACD35D-ED81-4FC6-8546-BB2AA8FA8E24}.Debug|Any CPU.Build.0 = Debug|Any CPU
		{2DACD35D-ED81-4FC6-8546-BB2AA8FA8E24}.Release|Any CPU.ActiveCfg = Release|Any CPU
		{2DACD35D-ED81-4FC6-8546-BB2AA8FA8E24}.Release|Any CPU.Build.0 = Release|Any CPU
	EndGlobalSection
	GlobalSection(SolutionProperties) = preSolution
		HideSolutionNode = FALSE
	EndGlobalSection
	GlobalSection(ExtensibilityGlobals) = postSolution
		SolutionGuid = {9DA38A52-F623-4635-BC57-398F636A1B3E}
	EndGlobalSection
EndGlobal
